
Microsoft Visual Studio Solution File, Format Version 11.00
# Visual Studio 2010
Project("{FAE04EC0-301F-11D3-BF4B-00C04F79EFBC}") = "NewAssembly", "NewAssembly.csproj", "{D87FD8D8-E56B-A779-26BB-EC11CC0BA8D3}"
EndProject
Project("{FAE04EC0-301F-11D3-BF4B-00C04F79EFBC}") = "Play", "Play.csproj", "{5A419F5F-E46F-95AA-DACD-14CD76A76149}"
EndProject
Global
	GlobalSection(SolutionConfigurationPlatforms) = preSolution
		Debug|Any CPU = Debug|Any CPU
		Release|Any CPU = Release|Any CPU
	EndGlobalSection
	GlobalSection(ProjectConfigurationPlatforms) = postSolution
		{D87FD8D8-E56B-A779-26BB-EC11CC0BA8D3}.Debug|Any CPU.ActiveCfg = Debug|Any CPU
		{D87FD8D8-E56B-A779-26BB-EC11CC0BA8D3}.Debug|Any CPU.Build.0 = Debug|Any CPU
		{D87FD8D8-E56B-A779-26BB-EC11CC0BA8D3}.Release|Any CPU.ActiveCfg = Release|Any CPU
		{D87FD8D8-E56B-A779-26BB-EC11CC0BA8D3}.Release|Any CPU.Build.0 = Release|Any CPU
		{5A419F5F-E46F-95AA-DACD-14CD76A76149}.Debug|Any CPU.ActiveCfg = Debug|Any CPU
		{5A419F5F-E46F-95AA-DACD-14CD76A76149}.Debug|Any CPU.Build.0 = Debug|Any CPU
		{5A419F5F-E46F-95AA-DACD-14CD76A76149}.Release|Any CPU.ActiveCfg = Release|Any CPU
		{5A419F5F-E46F-95AA-DACD-14CD76A76149}.Release|Any CPU.Build.0 = Release|Any CPU
	EndGlobalSection
	GlobalSection(SolutionProperties) = preSolution
		HideSolutionNode = FALSE
	EndGlobalSection
EndGlobal
