
Microsoft Visual Studio Solution File, Format Version 11.00
# Visual Studio 2010
Project("{FAE04EC0-301F-11D3-BF4B-00C04F79EFBC}") = "Assets", "Assets.csproj", "{06C9DC9B-1764-0FC5-1FA9-3E108585BDDF}"
EndProject
Project("{FAE04EC0-301F-11D3-BF4B-00C04F79EFBC}") = "Play", "Play.csproj", "{5A419F5F-E46F-95AA-DACD-14CD76A76149}"
EndProject
Project("{FAE04EC0-301F-11D3-BF4B-00C04F79EFBC}") = "EditorMode", "EditorMode.csproj", "{5D8D6B93-B9BB-F889-8999-F54EEA011A85}"
EndProject
Global
	GlobalSection(SolutionConfigurationPlatforms) = preSolution
		Debug|Any CPU = Debug|Any CPU
		Release|Any CPU = Release|Any CPU
	EndGlobalSection
	GlobalSection(ProjectConfigurationPlatforms) = postSolution
		{06C9DC9B-1764-0FC5-1FA9-3E108585BDDF}.Debug|Any CPU.ActiveCfg = Debug|Any CPU
		{06C9DC9B-1764-0FC5-1FA9-3E108585BDDF}.Debug|Any CPU.Build.0 = Debug|Any CPU
		{06C9DC9B-1764-0FC5-1FA9-3E108585BDDF}.Release|Any CPU.ActiveCfg = Release|Any CPU
		{06C9DC9B-1764-0FC5-1FA9-3E108585BDDF}.Release|Any CPU.Build.0 = Release|Any CPU
		{5A419F5F-E46F-95AA-DACD-14CD76A76149}.Debug|Any CPU.ActiveCfg = Debug|Any CPU
		{5A419F5F-E46F-95AA-DACD-14CD76A76149}.Debug|Any CPU.Build.0 = Debug|Any CPU
		{5A419F5F-E46F-95AA-DACD-14CD76A76149}.Release|Any CPU.ActiveCfg = Release|Any CPU
		{5A419F5F-E46F-95AA-DACD-14CD76A76149}.Release|Any CPU.Build.0 = Release|Any CPU
		{5D8D6B93-B9BB-F889-8999-F54EEA011A85}.Debug|Any CPU.ActiveCfg = Debug|Any CPU
		{5D8D6B93-B9BB-F889-8999-F54EEA011A85}.Debug|Any CPU.Build.0 = Debug|Any CPU
		{5D8D6B93-B9BB-F889-8999-F54EEA011A85}.Release|Any CPU.ActiveCfg = Release|Any CPU
		{5D8D6B93-B9BB-F889-8999-F54EEA011A85}.Release|Any CPU.Build.0 = Release|Any CPU
	EndGlobalSection
	GlobalSection(SolutionProperties) = preSolution
		HideSolutionNode = FALSE
	EndGlobalSection
EndGlobal
